
Microsoft Visual Studio Solution File, Format Version 12.00
# Visual Studio 15
VisualStudioVersion = 15.0.26730.16
MinimumVisualStudioVersion = 10.0.40219.1
Project("{888888A0-9F3D-457C-B088-3A5042F75D52}") = "Chapter15", "Chapter15\Chapter15.pyproj", "{8EBD03B2-43CC-4383-8FE7-3C78E60D0AC3}"
EndProject
Global
	GlobalSection(SolutionConfigurationPlatforms) = preSolution
		Debug|Any CPU = Debug|Any CPU
		Release|Any CPU = Release|Any CPU
	EndGlobalSection
	GlobalSection(ProjectConfigurationPlatforms) = postSolution
		{8EBD03B2-43CC-4383-8FE7-3C78E60D0AC3}.Debug|Any CPU.ActiveCfg = Debug|Any CPU
		{8EBD03B2-43CC-4383-8FE7-3C78E60D0AC3}.Release|Any CPU.ActiveCfg = Release|Any CPU
	EndGlobalSection
	GlobalSection(SolutionProperties) = preSolution
		HideSolutionNode = FALSE
	EndGlobalSection
	GlobalSection(ExtensibilityGlobals) = postSolution
		SolutionGuid = {1F08A2FF-D59F-45CD-AAD2-6710A2AAEDBF}
	EndGlobalSection
EndGlobal
